
Microsoft Visual Studio Solution File, Format Version 12.00
# Visual Studio 15
Project("{FAE04EC0-301F-11D3-BF4B-00C04F79EFBC}") = "UnityWebSocket.Runtime", "UnityWebSocket.Runtime.csproj", "{1600FD27-F8F3-E01A-5597-A3E922150CA4}"
EndProject
Project("{FAE04EC0-301F-11D3-BF4B-00C04F79EFBC}") = "UnityWebSocket.Test", "UnityWebSocket.Test.csproj", "{CA18B7AC-F1C7-D527-BD0E-84D08F92E472}"
EndProject
Project("{FAE04EC0-301F-11D3-BF4B-00C04F79EFBC}") = "UnityWebSocket.Editor", "UnityWebSocket.Editor.csproj", "{A5A4144C-6723-BE5C-957D-698FD90C4513}"
EndProject
Global
	GlobalSection(SolutionConfigurationPlatforms) = preSolution
		Debug|Any CPU = Debug|Any CPU
		Release|Any CPU = Release|Any CPU
	EndGlobalSection
	GlobalSection(ProjectConfigurationPlatforms) = postSolution
		{1600FD27-F8F3-E01A-5597-A3E922150CA4}.Debug|Any CPU.ActiveCfg = Debug|Any CPU
		{1600FD27-F8F3-E01A-5597-A3E922150CA4}.Debug|Any CPU.Build.0 = Debug|Any CPU
		{1600FD27-F8F3-E01A-5597-A3E922150CA4}.Release|Any CPU.ActiveCfg = Release|Any CPU
		{1600FD27-F8F3-E01A-5597-A3E922150CA4}.Release|Any CPU.Build.0 = Release|Any CPU
		{CA18B7AC-F1C7-D527-BD0E-84D08F92E472}.Debug|Any CPU.ActiveCfg = Debug|Any CPU
		{CA18B7AC-F1C7-D527-BD0E-84D08F92E472}.Debug|Any CPU.Build.0 = Debug|Any CPU
		{CA18B7AC-F1C7-D527-BD0E-84D08F92E472}.Release|Any CPU.ActiveCfg = Release|Any CPU
		{CA18B7AC-F1C7-D527-BD0E-84D08F92E472}.Release|Any CPU.Build.0 = Release|Any CPU
		{A5A4144C-6723-BE5C-957D-698FD90C4513}.Debug|Any CPU.ActiveCfg = Debug|Any CPU
		{A5A4144C-6723-BE5C-957D-698FD90C4513}.Debug|Any CPU.Build.0 = Debug|Any CPU
		{A5A4144C-6723-BE5C-957D-698FD90C4513}.Release|Any CPU.ActiveCfg = Release|Any CPU
		{A5A4144C-6723-BE5C-957D-698FD90C4513}.Release|Any CPU.Build.0 = Release|Any CPU
	EndGlobalSection
	GlobalSection(SolutionProperties) = preSolution
		HideSolutionNode = FALSE
	EndGlobalSection
	GlobalSection(MonoDevelopProperties) = preSolution
		StartupItem = Assembly-CSharp.csproj
	EndGlobalSection
EndGlobal
