
Microsoft Visual Studio Solution File, Format Version 12.00
# Visual Studio 15
Project("{FAE04EC0-301F-11D3-BF4B-00C04F79EFBC}") = "UnityWebSocket", "UnityWebSocket.csproj", "{982500A2-42C6-920C-6F52-B574F5532683}"
EndProject
Project("{FAE04EC0-301F-11D3-BF4B-00C04F79EFBC}") = "UnityWebSocketEditor", "UnityWebSocketEditor.csproj", "{DC342E84-4114-C56E-64CC-97A6BCFBB40B}"
EndProject
Global
	GlobalSection(SolutionConfigurationPlatforms) = preSolution
		Debug|Any CPU = Debug|Any CPU
		Release|Any CPU = Release|Any CPU
	EndGlobalSection
	GlobalSection(ProjectConfigurationPlatforms) = postSolution
		{982500A2-42C6-920C-6F52-B574F5532683}.Debug|Any CPU.ActiveCfg = Debug|Any CPU
		{982500A2-42C6-920C-6F52-B574F5532683}.Debug|Any CPU.Build.0 = Debug|Any CPU
		{982500A2-42C6-920C-6F52-B574F5532683}.Release|Any CPU.ActiveCfg = Release|Any CPU
		{982500A2-42C6-920C-6F52-B574F5532683}.Release|Any CPU.Build.0 = Release|Any CPU
		{DC342E84-4114-C56E-64CC-97A6BCFBB40B}.Debug|Any CPU.ActiveCfg = Debug|Any CPU
		{DC342E84-4114-C56E-64CC-97A6BCFBB40B}.Debug|Any CPU.Build.0 = Debug|Any CPU
		{DC342E84-4114-C56E-64CC-97A6BCFBB40B}.Release|Any CPU.ActiveCfg = Release|Any CPU
		{DC342E84-4114-C56E-64CC-97A6BCFBB40B}.Release|Any CPU.Build.0 = Release|Any CPU
	EndGlobalSection
	GlobalSection(SolutionProperties) = preSolution
		HideSolutionNode = FALSE
	EndGlobalSection
EndGlobal
