
Microsoft Visual Studio Solution File, Format Version 12.00
# Visual Studio 2017
Project("{FAE04EC0-301F-11D3-BF4B-00C04F79EFBC}") = "WebsocketDemo", "WebsocketDemo.csproj", "{441CEC0C-3CEC-0A5A-72AA-542F6C43729F}"
EndProject
Global
	GlobalSection(SolutionConfigurationPlatforms) = preSolution
		Debug|Any CPU = Debug|Any CPU
		Release|Any CPU = Release|Any CPU
	EndGlobalSection
	GlobalSection(ProjectConfigurationPlatforms) = postSolution
		{441CEC0C-3CEC-0A5A-72AA-542F6C43729F}.Debug|Any CPU.ActiveCfg = Debug|Any CPU
		{441CEC0C-3CEC-0A5A-72AA-542F6C43729F}.Debug|Any CPU.Build.0 = Debug|Any CPU
		{441CEC0C-3CEC-0A5A-72AA-542F6C43729F}.Release|Any CPU.ActiveCfg = Release|Any CPU
		{441CEC0C-3CEC-0A5A-72AA-542F6C43729F}.Release|Any CPU.Build.0 = Release|Any CPU
	EndGlobalSection
	GlobalSection(SolutionProperties) = preSolution
		HideSolutionNode = FALSE
	EndGlobalSection
EndGlobal
