
Microsoft Visual Studio Solution File, Format Version 12.00
# Visual Studio 14
VisualStudioVersion = 14.0.25123.0
MinimumVisualStudioVersion = 10.0.40219.1
Project("{FAE04EC0-301F-11D3-BF4B-00C04F79EFBC}") = "TestWebSocketServer", "TestWebSocketServer\TestWebSocketServer.csproj", "{37A57CFF-43AC-4096-B093-65582878FD58}"
EndProject
Global
	GlobalSection(SolutionConfigurationPlatforms) = preSolution
		Debug|Any CPU = Debug|Any CPU
		Release|Any CPU = Release|Any CPU
	EndGlobalSection
	GlobalSection(ProjectConfigurationPlatforms) = postSolution
		{37A57CFF-43AC-4096-B093-65582878FD58}.Debug|Any CPU.ActiveCfg = Debug|Any CPU
		{37A57CFF-43AC-4096-B093-65582878FD58}.Debug|Any CPU.Build.0 = Debug|Any CPU
		{37A57CFF-43AC-4096-B093-65582878FD58}.Release|Any CPU.ActiveCfg = Release|Any CPU
		{37A57CFF-43AC-4096-B093-65582878FD58}.Release|Any CPU.Build.0 = Release|Any CPU
	EndGlobalSection
	GlobalSection(SolutionProperties) = preSolution
		HideSolutionNode = FALSE
	EndGlobalSection
EndGlobal
